
Microsoft Visual Studio Solution File, Format Version 12.00
# Visual Studio Version 16
VisualStudioVersion = 16.0.30011.22
MinimumVisualStudioVersion = 10.0.40219.1
Project("{FAE04EC0-301F-11D3-BF4B-00C04F79EFBC}") = "DevopLoginApp", "client_only\DevopLoginApp.csproj", "{656938CA-AF9A-4B4C-85DA-A88BBC89FB5F}"
EndProject
Global
	GlobalSection(SolutionConfigurationPlatforms) = preSolution
		Debug|Any CPU = Debug|Any CPU
		Release|Any CPU = Release|Any CPU
	EndGlobalSection
	GlobalSection(ProjectConfigurationPlatforms) = postSolution
		{656938CA-AF9A-4B4C-85DA-A88BBC89FB5F}.Debug|Any CPU.ActiveCfg = Debug|Any CPU
		{656938CA-AF9A-4B4C-85DA-A88BBC89FB5F}.Debug|Any CPU.Build.0 = Debug|Any CPU
		{656938CA-AF9A-4B4C-85DA-A88BBC89FB5F}.Release|Any CPU.ActiveCfg = Release|Any CPU
		{656938CA-AF9A-4B4C-85DA-A88BBC89FB5F}.Release|Any CPU.Build.0 = Release|Any CPU
	EndGlobalSection
	GlobalSection(SolutionProperties) = preSolution
		HideSolutionNode = FALSE
	EndGlobalSection
	GlobalSection(ExtensibilityGlobals) = postSolution
		SolutionGuid = {191D55E9-FB62-4EF1-A721-B5DBB2A35CEF}
	EndGlobalSection
EndGlobal
