
Microsoft Visual Studio Solution File, Format Version 12.00
# Visual Studio Version 16
VisualStudioVersion = 16.0.29926.136
MinimumVisualStudioVersion = 10.0.40219.1
Project("{FAE04EC0-301F-11D3-BF4B-00C04F79EFBC}") = "AWSInstanceManager", "AWSInstanceManager\AWSInstanceManager.csproj", "{936E3FC4-E7FC-4305-A29A-3104690509EA}"
EndProject
Global
	GlobalSection(SolutionConfigurationPlatforms) = preSolution
		Debug|Any CPU = Debug|Any CPU
		Release|Any CPU = Release|Any CPU
	EndGlobalSection
	GlobalSection(ProjectConfigurationPlatforms) = postSolution
		{936E3FC4-E7FC-4305-A29A-3104690509EA}.Debug|Any CPU.ActiveCfg = Debug|Any CPU
		{936E3FC4-E7FC-4305-A29A-3104690509EA}.Debug|Any CPU.Build.0 = Debug|Any CPU
		{936E3FC4-E7FC-4305-A29A-3104690509EA}.Release|Any CPU.ActiveCfg = Release|Any CPU
		{936E3FC4-E7FC-4305-A29A-3104690509EA}.Release|Any CPU.Build.0 = Release|Any CPU
	EndGlobalSection
	GlobalSection(SolutionProperties) = preSolution
		HideSolutionNode = FALSE
	EndGlobalSection
	GlobalSection(ExtensibilityGlobals) = postSolution
		SolutionGuid = {37CE3EE8-337F-4812-95BE-432A444AF984}
	EndGlobalSection
EndGlobal
