
Microsoft Visual Studio Solution File, Format Version 12.00
# Visual Studio 15
VisualStudioVersion = 15.0.28307.136
MinimumVisualStudioVersion = 10.0.40219.1
Project("{FAE04EC0-301F-11D3-BF4B-00C04F79EFBC}") = "HelloWorldTests", "Tests\HelloWorldTests.csproj", "{5D3CE739-FFAA-4389-A96E-A6E291BC8783}"
	ProjectSection(ProjectDependencies) = postProject
		{C19C255A-D7CE-49BE-95CC-81558A83DBA1} = {C19C255A-D7CE-49BE-95CC-81558A83DBA1}
	EndProjectSection
EndProject
Project("{FAE04EC0-301F-11D3-BF4B-00C04F79EFBC}") = "HelloWorld", "Source\HelloWorld.csproj", "{C19C255A-D7CE-49BE-95CC-81558A83DBA1}"
EndProject
Global
	GlobalSection(SolutionConfigurationPlatforms) = preSolution
		Debug|Any CPU = Debug|Any CPU
		Release|Any CPU = Release|Any CPU
	EndGlobalSection
	GlobalSection(ProjectConfigurationPlatforms) = postSolution
		{5D3CE739-FFAA-4389-A96E-A6E291BC8783}.Debug|Any CPU.ActiveCfg = Debug|Any CPU
		{5D3CE739-FFAA-4389-A96E-A6E291BC8783}.Debug|Any CPU.Build.0 = Debug|Any CPU
		{5D3CE739-FFAA-4389-A96E-A6E291BC8783}.Release|Any CPU.ActiveCfg = Release|Any CPU
		{5D3CE739-FFAA-4389-A96E-A6E291BC8783}.Release|Any CPU.Build.0 = Release|Any CPU
		{C19C255A-D7CE-49BE-95CC-81558A83DBA1}.Debug|Any CPU.ActiveCfg = Debug|Any CPU
		{C19C255A-D7CE-49BE-95CC-81558A83DBA1}.Debug|Any CPU.Build.0 = Debug|Any CPU
		{C19C255A-D7CE-49BE-95CC-81558A83DBA1}.Release|Any CPU.ActiveCfg = Release|Any CPU
		{C19C255A-D7CE-49BE-95CC-81558A83DBA1}.Release|Any CPU.Build.0 = Release|Any CPU
	EndGlobalSection
	GlobalSection(SolutionProperties) = preSolution
		HideSolutionNode = FALSE
	EndGlobalSection
	GlobalSection(ExtensibilityGlobals) = postSolution
		SolutionGuid = {E0AF5747-D873-4D3A-91A6-FC77963105E0}
	EndGlobalSection
EndGlobal
