
Microsoft Visual Studio Solution File, Format Version 12.00
# Visual Studio 15
VisualStudioVersion = 15.0.28010.2036
MinimumVisualStudioVersion = 10.0.40219.1
Project("{FAE04EC0-301F-11D3-BF4B-00C04F79EFBC}") = "Website", "Website\Website.csproj", "{71666524-376B-4199-8367-0967DC489485}"
EndProject
Global
	GlobalSection(SolutionConfigurationPlatforms) = preSolution
		Debug|Any CPU = Debug|Any CPU
		Release|Any CPU = Release|Any CPU
	EndGlobalSection
	GlobalSection(ProjectConfigurationPlatforms) = postSolution
		{71666524-376B-4199-8367-0967DC489485}.Debug|Any CPU.ActiveCfg = Debug|Any CPU
		{71666524-376B-4199-8367-0967DC489485}.Debug|Any CPU.Build.0 = Debug|Any CPU
		{71666524-376B-4199-8367-0967DC489485}.Release|Any CPU.ActiveCfg = Release|Any CPU
		{71666524-376B-4199-8367-0967DC489485}.Release|Any CPU.Build.0 = Release|Any CPU
	EndGlobalSection
	GlobalSection(SolutionProperties) = preSolution
		HideSolutionNode = FALSE
	EndGlobalSection
	GlobalSection(ExtensibilityGlobals) = postSolution
		SolutionGuid = {55016B62-5A68-4E23-A65D-51C57CA08F79}
	EndGlobalSection
EndGlobal
