
Microsoft Visual Studio Solution File, Format Version 12.00
# Visual Studio Version 16
VisualStudioVersion = 16.0.30204.135
MinimumVisualStudioVersion = 10.0.40219.1
Project("{FAE04EC0-301F-11D3-BF4B-00C04F79EFBC}") = "DevOps.Tests.Production", "Source\DevOps.Tests.Production.csproj", "{7D526A71-B817-4340-8758-4C99517A13A8}"
EndProject
Project("{FAE04EC0-301F-11D3-BF4B-00C04F79EFBC}") = "DevOps.Tests.ProductionTests", "Tests\DevOps.Tests.ProductionTests.csproj", "{C614804F-13E1-4D87-AAF8-8AFC8C435C9C}"
EndProject
Global
	GlobalSection(SolutionConfigurationPlatforms) = preSolution
		Debug|Any CPU = Debug|Any CPU
		Release|Any CPU = Release|Any CPU
	EndGlobalSection
	GlobalSection(ProjectConfigurationPlatforms) = postSolution
		{7D526A71-B817-4340-8758-4C99517A13A8}.Debug|Any CPU.ActiveCfg = Debug|Any CPU
		{7D526A71-B817-4340-8758-4C99517A13A8}.Debug|Any CPU.Build.0 = Debug|Any CPU
		{7D526A71-B817-4340-8758-4C99517A13A8}.Release|Any CPU.ActiveCfg = Release|Any CPU
		{7D526A71-B817-4340-8758-4C99517A13A8}.Release|Any CPU.Build.0 = Release|Any CPU
		{C614804F-13E1-4D87-AAF8-8AFC8C435C9C}.Debug|Any CPU.ActiveCfg = Debug|Any CPU
		{C614804F-13E1-4D87-AAF8-8AFC8C435C9C}.Debug|Any CPU.Build.0 = Debug|Any CPU
		{C614804F-13E1-4D87-AAF8-8AFC8C435C9C}.Release|Any CPU.ActiveCfg = Release|Any CPU
		{C614804F-13E1-4D87-AAF8-8AFC8C435C9C}.Release|Any CPU.Build.0 = Release|Any CPU
	EndGlobalSection
	GlobalSection(SolutionProperties) = preSolution
		HideSolutionNode = FALSE
	EndGlobalSection
	GlobalSection(ExtensibilityGlobals) = postSolution
		SolutionGuid = {BE0BF761-8DC3-4E3B-9FAB-1BF1B76DD067}
	EndGlobalSection
EndGlobal
